
Microsoft Visual Studio Solution File, Format Version 12.00
# Visual Studio Version 16
VisualStudioVersion = 16.0.29306.81
MinimumVisualStudioVersion = 10.0.40219.1
Project("{FAE04EC0-301F-11D3-BF4B-00C04F79EFBC}") = "BinaryDeserializerTry", "BinaryDeserializerTry\BinaryDeserializerTry.csproj", "{DC93D39E-D31D-4E71-B595-4367C23F766B}"
EndProject
Global
	GlobalSection(SolutionConfigurationPlatforms) = preSolution
		Debug|Any CPU = Debug|Any CPU
		Release|Any CPU = Release|Any CPU
	EndGlobalSection
	GlobalSection(ProjectConfigurationPlatforms) = postSolution
		{DC93D39E-D31D-4E71-B595-4367C23F766B}.Debug|Any CPU.ActiveCfg = Debug|Any CPU
		{DC93D39E-D31D-4E71-B595-4367C23F766B}.Debug|Any CPU.Build.0 = Debug|Any CPU
		{DC93D39E-D31D-4E71-B595-4367C23F766B}.Release|Any CPU.ActiveCfg = Release|Any CPU
		{DC93D39E-D31D-4E71-B595-4367C23F766B}.Release|Any CPU.Build.0 = Release|Any CPU
	EndGlobalSection
	GlobalSection(SolutionProperties) = preSolution
		HideSolutionNode = FALSE
	EndGlobalSection
	GlobalSection(ExtensibilityGlobals) = postSolution
		SolutionGuid = {40DF412B-A754-41E5-9051-5480053BF7E5}
	EndGlobalSection
EndGlobal
